Microsoft Visual Studio Solution File, Format Version 12.00
# Visual Studio Version 17
VisualStudioVersion = 17.5.2.0
MinimumVisualStudioVersion = 10.0.40219.1
Project("{FAE04EC0-301F-11D3-BF4B-00C04F79EFBC}") = "ICGFrame", "ICGFrame.csproj", "{9AF974E6-3774-0E2C-3F0D-32B7A62EDC3D}"
EndProject
Global
	GlobalSection(SolutionConfigurationPlatforms) = preSolution
		Debug|Any CPU = Debug|Any CPU
		Release|Any CPU = Release|Any CPU
	EndGlobalSection
	GlobalSection(ProjectConfigurationPlatforms) = postSolution
		{9AF974E6-3774-0E2C-3F0D-32B7A62EDC3D}.Debug|Any CPU.ActiveCfg = Debug|Any CPU
		{9AF974E6-3774-0E2C-3F0D-32B7A62EDC3D}.Debug|Any CPU.Build.0 = Debug|Any CPU
		{9AF974E6-3774-0E2C-3F0D-32B7A62EDC3D}.Release|Any CPU.ActiveCfg = Release|Any CPU
		{9AF974E6-3774-0E2C-3F0D-32B7A62EDC3D}.Release|Any CPU.Build.0 = Release|Any CPU
	EndGlobalSection
	GlobalSection(SolutionProperties) = preSolution
		HideSolutionNode = FALSE
	EndGlobalSection
	GlobalSection(ExtensibilityGlobals) = postSolution
		SolutionGuid = {32A2C310-390C-425B-B627-761664B12FE4}
	EndGlobalSection
EndGlobal
